
Microsoft Visual Studio Solution File, Format Version 12.00
# Visual Studio Version 17
VisualStudioVersion = 17.7.34202.233
MinimumVisualStudioVersion = 10.0.40219.1
Project("{FAE04EC0-301F-11D3-BF4B-00C04F79EFBC}") = "API", "API\API.csproj", "{82715A63-7B55-4E9B-B6F3-9337D419F7D5}"
EndProject
Project("{FAE04EC0-301F-11D3-BF4B-00C04F79EFBC}") = "DataAccess", "DataAccess\DataAccess.csproj", "{6BBBF487-7BD1-4478-889E-54942709CBE6}"
EndProject
Global
	GlobalSection(SolutionConfigurationPlatforms) = preSolution
		Debug|Any CPU = Debug|Any CPU
		Release|Any CPU = Release|Any CPU
	EndGlobalSection
	GlobalSection(ProjectConfigurationPlatforms) = postSolution
		{82715A63-7B55-4E9B-B6F3-9337D419F7D5}.Debug|Any CPU.ActiveCfg = Debug|Any CPU
		{82715A63-7B55-4E9B-B6F3-9337D419F7D5}.Debug|Any CPU.Build.0 = Debug|Any CPU
		{82715A63-7B55-4E9B-B6F3-9337D419F7D5}.Release|Any CPU.ActiveCfg = Release|Any CPU
		{82715A63-7B55-4E9B-B6F3-9337D419F7D5}.Release|Any CPU.Build.0 = Release|Any CPU
		{6BBBF487-7BD1-4478-889E-54942709CBE6}.Debug|Any CPU.ActiveCfg = Debug|Any CPU
		{6BBBF487-7BD1-4478-889E-54942709CBE6}.Debug|Any CPU.Build.0 = Debug|Any CPU
		{6BBBF487-7BD1-4478-889E-54942709CBE6}.Release|Any CPU.ActiveCfg = Release|Any CPU
		{6BBBF487-7BD1-4478-889E-54942709CBE6}.Release|Any CPU.Build.0 = Release|Any CPU
	EndGlobalSection
	GlobalSection(SolutionProperties) = preSolution
		HideSolutionNode = FALSE
	EndGlobalSection
	GlobalSection(ExtensibilityGlobals) = postSolution
		SolutionGuid = {A4F7D817-0B2C-4089-9C26-729BA0CDC286}
	EndGlobalSection
EndGlobal
